
Microsoft Visual Studio Solution File, Format Version 12.00
# Visual Studio Version 17
VisualStudioVersion = 17.3.32901.215
MinimumVisualStudioVersion = 10.0.40219.1
Project("{FAE04EC0-301F-11D3-BF4B-00C04F79EFBC}") = "UIForumAPP", "UIForumAPP\UIForumAPP.csproj", "{D87D4E3D-0A6E-44E9-A9C1-42268FF758BB}"
EndProject
Global
	GlobalSection(SolutionConfigurationPlatforms) = preSolution
		Debug|Any CPU = Debug|Any CPU
		Release|Any CPU = Release|Any CPU
	EndGlobalSection
	GlobalSection(ProjectConfigurationPlatforms) = postSolution
		{D87D4E3D-0A6E-44E9-A9C1-42268FF758BB}.Debug|Any CPU.ActiveCfg = Debug|Any CPU
		{D87D4E3D-0A6E-44E9-A9C1-42268FF758BB}.Debug|Any CPU.Build.0 = Debug|Any CPU
		{D87D4E3D-0A6E-44E9-A9C1-42268FF758BB}.Release|Any CPU.ActiveCfg = Release|Any CPU
		{D87D4E3D-0A6E-44E9-A9C1-42268FF758BB}.Release|Any CPU.Build.0 = Release|Any CPU
	EndGlobalSection
	GlobalSection(SolutionProperties) = preSolution
		HideSolutionNode = FALSE
	EndGlobalSection
	GlobalSection(ExtensibilityGlobals) = postSolution
		SolutionGuid = {3835D055-383D-45E8-9DBF-41E3E65A03C6}
	EndGlobalSection
EndGlobal
